
Microsoft Visual Studio Solution File, Format Version 12.00
# Visual Studio Version 17
VisualStudioVersion = 17.0.31903.59
MinimumVisualStudioVersion = 10.0.40219.1
Project("{2150E333-8FDC-42A3-9474-1A3956D46DE8}") = "src", "src", "{52AF6B78-014F-4B08-AEC9-C015183AB47C}"
EndProject
Project("{FAE04EC0-301F-11D3-BF4B-00C04F79EFBC}") = "NexMediator.Abstractions", "src\NexMediator.Abstractions\NexMediator.Abstractions.csproj", "{A9D15948-66D5-4014-A1F7-9F6DA9C4ACA6}"
EndProject
Project("{FAE04EC0-301F-11D3-BF4B-00C04F79EFBC}") = "NexMediator.Core", "src\NexMediator.Core\NexMediator.Core.csproj", "{14E32D4C-3D7F-49E4-92CA-14E84FFB3439}"
EndProject
Project("{FAE04EC0-301F-11D3-BF4B-00C04F79EFBC}") = "NexMediator.Pipeline", "src\NexMediator.Pipeline\NexMediator.Pipeline.csproj", "{BDC1A237-4E45-4EDC-AF66-6C268EEBDC34}"
EndProject
Project("{FAE04EC0-301F-11D3-BF4B-00C04F79EFBC}") = "NexMediator.Extensions", "src\NexMediator.Extensions\NexMediator.Extensions.csproj", "{DA496885-26B8-4CFA-9B87-B6BB756EA79B}"
EndProject
Project("{2150E333-8FDC-42A3-9474-1A3956D46DE8}") = "tests", "tests", "{831C87DA-46A1-40D2-9583-3CC7B435CE27}"
EndProject
Project("{FAE04EC0-301F-11D3-BF4B-00C04F79EFBC}") = "NexMediator.Abstractions.Tests", "tests\NexMediator.Abstractions.Tests\NexMediator.Abstractions.Tests.csproj", "{17AAE2D2-8A10-460E-850D-CB6A2F15A01D}"
EndProject
Project("{FAE04EC0-301F-11D3-BF4B-00C04F79EFBC}") = "NexMediator.Core.Tests", "tests\NexMediator.Core.Tests\NexMediator.Core.Tests.csproj", "{25AC6C79-2EAB-4C28-B7D4-136FD76E211D}"
EndProject
Project("{FAE04EC0-301F-11D3-BF4B-00C04F79EFBC}") = "NexMediator.Pipeline.Tests", "tests\NexMediator.Pipeline.Tests\NexMediator.Pipeline.Tests.csproj", "{85A5830A-E11C-470F-A2CF-A5DDD3583AD0}"
EndProject
Project("{FAE04EC0-301F-11D3-BF4B-00C04F79EFBC}") = "NexMediator.Extensions.Tests", "tests\NexMediator.Extensions.Tests\NexMediator.Extensions.Tests.csproj", "{41AF5883-2AF3-48A4-8BE0-0D7A489F2202}"
EndProject
Project("{FAE04EC0-301F-11D3-BF4B-00C04F79EFBC}") = "NexMediator", "src\NexMediator\NexMediator.csproj", "{C137DBBB-9739-4156-A350-79B61DA4CC4B}"
EndProject
Global
	GlobalSection(SolutionConfigurationPlatforms) = preSolution
		Debug|Any CPU = Debug|Any CPU
		Release|Any CPU = Release|Any CPU
	EndGlobalSection
	GlobalSection(ProjectConfigurationPlatforms) = postSolution
		{A9D15948-66D5-4014-A1F7-9F6DA9C4ACA6}.Debug|Any CPU.ActiveCfg = Debug|Any CPU
		{A9D15948-66D5-4014-A1F7-9F6DA9C4ACA6}.Debug|Any CPU.Build.0 = Debug|Any CPU
		{A9D15948-66D5-4014-A1F7-9F6DA9C4ACA6}.Release|Any CPU.ActiveCfg = Release|Any CPU
		{A9D15948-66D5-4014-A1F7-9F6DA9C4ACA6}.Release|Any CPU.Build.0 = Release|Any CPU
		{14E32D4C-3D7F-49E4-92CA-14E84FFB3439}.Debug|Any CPU.ActiveCfg = Debug|Any CPU
		{14E32D4C-3D7F-49E4-92CA-14E84FFB3439}.Debug|Any CPU.Build.0 = Debug|Any CPU
		{14E32D4C-3D7F-49E4-92CA-14E84FFB3439}.Release|Any CPU.ActiveCfg = Release|Any CPU
		{14E32D4C-3D7F-49E4-92CA-14E84FFB3439}.Release|Any CPU.Build.0 = Release|Any CPU
		{BDC1A237-4E45-4EDC-AF66-6C268EEBDC34}.Debug|Any CPU.ActiveCfg = Debug|Any CPU
		{BDC1A237-4E45-4EDC-AF66-6C268EEBDC34}.Debug|Any CPU.Build.0 = Debug|Any CPU
		{BDC1A237-4E45-4EDC-AF66-6C268EEBDC34}.Release|Any CPU.ActiveCfg = Release|Any CPU
		{BDC1A237-4E45-4EDC-AF66-6C268EEBDC34}.Release|Any CPU.Build.0 = Release|Any CPU
		{DA496885-26B8-4CFA-9B87-B6BB756EA79B}.Debug|Any CPU.ActiveCfg = Debug|Any CPU
		{DA496885-26B8-4CFA-9B87-B6BB756EA79B}.Debug|Any CPU.Build.0 = Debug|Any CPU
		{DA496885-26B8-4CFA-9B87-B6BB756EA79B}.Release|Any CPU.ActiveCfg = Release|Any CPU
		{DA496885-26B8-4CFA-9B87-B6BB756EA79B}.Release|Any CPU.Build.0 = Release|Any CPU
		{17AAE2D2-8A10-460E-850D-CB6A2F15A01D}.Debug|Any CPU.ActiveCfg = Debug|Any CPU
		{17AAE2D2-8A10-460E-850D-CB6A2F15A01D}.Debug|Any CPU.Build.0 = Debug|Any CPU
		{17AAE2D2-8A10-460E-850D-CB6A2F15A01D}.Release|Any CPU.ActiveCfg = Release|Any CPU
		{17AAE2D2-8A10-460E-850D-CB6A2F15A01D}.Release|Any CPU.Build.0 = Release|Any CPU
		{25AC6C79-2EAB-4C28-B7D4-136FD76E211D}.Debug|Any CPU.ActiveCfg = Debug|Any CPU
		{25AC6C79-2EAB-4C28-B7D4-136FD76E211D}.Debug|Any CPU.Build.0 = Debug|Any CPU
		{25AC6C79-2EAB-4C28-B7D4-136FD76E211D}.Release|Any CPU.ActiveCfg = Release|Any CPU
		{25AC6C79-2EAB-4C28-B7D4-136FD76E211D}.Release|Any CPU.Build.0 = Release|Any CPU
		{85A5830A-E11C-470F-A2CF-A5DDD3583AD0}.Debug|Any CPU.ActiveCfg = Debug|Any CPU
		{85A5830A-E11C-470F-A2CF-A5DDD3583AD0}.Debug|Any CPU.Build.0 = Debug|Any CPU
		{85A5830A-E11C-470F-A2CF-A5DDD3583AD0}.Release|Any CPU.ActiveCfg = Release|Any CPU
		{85A5830A-E11C-470F-A2CF-A5DDD3583AD0}.Release|Any CPU.Build.0 = Release|Any CPU
		{41AF5883-2AF3-48A4-8BE0-0D7A489F2202}.Debug|Any CPU.ActiveCfg = Debug|Any CPU
		{41AF5883-2AF3-48A4-8BE0-0D7A489F2202}.Debug|Any CPU.Build.0 = Debug|Any CPU
		{41AF5883-2AF3-48A4-8BE0-0D7A489F2202}.Release|Any CPU.ActiveCfg = Release|Any CPU
		{41AF5883-2AF3-48A4-8BE0-0D7A489F2202}.Release|Any CPU.Build.0 = Release|Any CPU
		{C137DBBB-9739-4156-A350-79B61DA4CC4B}.Debug|Any CPU.ActiveCfg = Debug|Any CPU
		{C137DBBB-9739-4156-A350-79B61DA4CC4B}.Debug|Any CPU.Build.0 = Debug|Any CPU
		{C137DBBB-9739-4156-A350-79B61DA4CC4B}.Release|Any CPU.ActiveCfg = Release|Any CPU
		{C137DBBB-9739-4156-A350-79B61DA4CC4B}.Release|Any CPU.Build.0 = Release|Any CPU
	EndGlobalSection
	GlobalSection(SolutionProperties) = preSolution
		HideSolutionNode = FALSE
	EndGlobalSection
	GlobalSection(NestedProjects) = preSolution
		{A9D15948-66D5-4014-A1F7-9F6DA9C4ACA6} = {52AF6B78-014F-4B08-AEC9-C015183AB47C}
		{14E32D4C-3D7F-49E4-92CA-14E84FFB3439} = {52AF6B78-014F-4B08-AEC9-C015183AB47C}
		{BDC1A237-4E45-4EDC-AF66-6C268EEBDC34} = {52AF6B78-014F-4B08-AEC9-C015183AB47C}
		{DA496885-26B8-4CFA-9B87-B6BB756EA79B} = {52AF6B78-014F-4B08-AEC9-C015183AB47C}
		{17AAE2D2-8A10-460E-850D-CB6A2F15A01D} = {831C87DA-46A1-40D2-9583-3CC7B435CE27}
		{25AC6C79-2EAB-4C28-B7D4-136FD76E211D} = {831C87DA-46A1-40D2-9583-3CC7B435CE27}
		{85A5830A-E11C-470F-A2CF-A5DDD3583AD0} = {831C87DA-46A1-40D2-9583-3CC7B435CE27}
		{41AF5883-2AF3-48A4-8BE0-0D7A489F2202} = {831C87DA-46A1-40D2-9583-3CC7B435CE27}
		{C137DBBB-9739-4156-A350-79B61DA4CC4B} = {52AF6B78-014F-4B08-AEC9-C015183AB47C}
	EndGlobalSection
EndGlobal
